
Microsoft Visual Studio Solution File, Format Version 12.00
# Visual Studio Version 17
VisualStudioVersion = 17.5.33530.505
MinimumVisualStudioVersion = 10.0.40219.1
Project("{FAE04EC0-301F-11D3-BF4B-00C04F79EFBC}") = "Yalla Tour", "Yalla Tour\Yalla Tour.csproj", "{F37E7D87-3F12-4B57-B91B-423141AAFC41}"
EndProject
Global
	GlobalSection(SolutionConfigurationPlatforms) = preSolution
		Debug|Any CPU = Debug|Any CPU
		Release|Any CPU = Release|Any CPU
	EndGlobalSection
	GlobalSection(ProjectConfigurationPlatforms) = postSolution
		{F37E7D87-3F12-4B57-B91B-423141AAFC41}.Debug|Any CPU.ActiveCfg = Debug|Any CPU
		{F37E7D87-3F12-4B57-B91B-423141AAFC41}.Debug|Any CPU.Build.0 = Debug|Any CPU
		{F37E7D87-3F12-4B57-B91B-423141AAFC41}.Release|Any CPU.ActiveCfg = Release|Any CPU
		{F37E7D87-3F12-4B57-B91B-423141AAFC41}.Release|Any CPU.Build.0 = Release|Any CPU
	EndGlobalSection
	GlobalSection(SolutionProperties) = preSolution
		HideSolutionNode = FALSE
	EndGlobalSection
	GlobalSection(ExtensibilityGlobals) = postSolution
		SolutionGuid = {CAA75A1A-C850-4129-9E86-0C417A581778}
	EndGlobalSection
EndGlobal
